
Microsoft Visual Studio Solution File, Format Version 12.00
# Visual Studio Version 17
VisualStudioVersion = 17.0.31903.59
MinimumVisualStudioVersion = 10.0.40219.1
Project("{2150E333-8FDC-42A3-9474-1A3956D46DE8}") = "Services", "Services", "{031185BD-04DD-46D5-BAEA-5CB3A047FBD7}"
EndProject
Project("{FAE04EC0-301F-11D3-BF4B-00C04F79EFBC}") = "Organizations.Api", "Services\Organizations.Api\Organizations.Api.csproj", "{6D397068-3EA0-4D66-BEC9-8F8728454A76}"
EndProject
Project("{FAE04EC0-301F-11D3-BF4B-00C04F79EFBC}") = "Organizations.Api.Tests", "Services\Organizations.Api.Tests\Organizations.Api.Tests.csproj", "{5920C082-D8E0-4876-97A3-57775A3F91A3}"
EndProject
Project("{2150E333-8FDC-42A3-9474-1A3956D46DE8}") = "Libraries", "Libraries", "{D2C090FA-A294-42C2-B69C-3E56CA0D443A}"
EndProject
Project("{FAE04EC0-301F-11D3-BF4B-00C04F79EFBC}") = "Organizations.Domain", "Libraries\Organizations.Domain\Organizations.Domain.csproj", "{5BE45FEA-6BCF-46E7-8F06-82BF360FB186}"
EndProject
Project("{FAE04EC0-301F-11D3-BF4B-00C04F79EFBC}") = "Organizations.Domain.Fixtures", "Libraries\Organizations.Domain.Fixtures\Organizations.Domain.Fixtures.csproj", "{6D7E2651-8F06-40EB-BF13-869899A3842B}"
EndProject
Project("{2150E333-8FDC-42A3-9474-1A3956D46DE8}") = "Infrastructure", "Infrastructure", "{E83B0B54-8644-4001-992B-7DFC6D7E0822}"
EndProject
Project("{FAE04EC0-301F-11D3-BF4B-00C04F79EFBC}") = "Organizations.Api.Stack", "Infrastructure\Organizations.Api.Stack\Organizations.Api.Stack.csproj", "{916B97A3-4161-4CB3-9BCB-0A262AA988FC}"
EndProject
Project("{FAE04EC0-301F-11D3-BF4B-00C04F79EFBC}") = "Api.Build.Infrastructure", "Libraries\Api.Build.Infrastructure\Api.Build.Infrastructure.csproj", "{33558408-109A-4273-B743-93EBAB1683D1}"
EndProject
Project("{FAE04EC0-301F-11D3-BF4B-00C04F79EFBC}") = "ContainerImage.Build.Infrastructure", "Libraries\ContainerImage.Build.Infrastructure\ContainerImage.Build.Infrastructure.csproj", "{50D3DF6E-ECB5-40FE-A53D-6BBC7577A5FD}"
EndProject
Project("{FAE04EC0-301F-11D3-BF4B-00C04F79EFBC}") = "Exceptions.Common", "Libraries\Exceptions.Common\Exceptions.Common.csproj", "{266F5E32-D9EA-45F6-9E44-CA59A36185BC}"
EndProject
Global
	GlobalSection(SolutionConfigurationPlatforms) = preSolution
		Debug|Any CPU = Debug|Any CPU
		Release|Any CPU = Release|Any CPU
	EndGlobalSection
	GlobalSection(ProjectConfigurationPlatforms) = postSolution
		{6D397068-3EA0-4D66-BEC9-8F8728454A76}.Debug|Any CPU.ActiveCfg = Debug|Any CPU
		{6D397068-3EA0-4D66-BEC9-8F8728454A76}.Debug|Any CPU.Build.0 = Debug|Any CPU
		{6D397068-3EA0-4D66-BEC9-8F8728454A76}.Release|Any CPU.ActiveCfg = Release|Any CPU
		{6D397068-3EA0-4D66-BEC9-8F8728454A76}.Release|Any CPU.Build.0 = Release|Any CPU
		{5920C082-D8E0-4876-97A3-57775A3F91A3}.Debug|Any CPU.ActiveCfg = Debug|Any CPU
		{5920C082-D8E0-4876-97A3-57775A3F91A3}.Debug|Any CPU.Build.0 = Debug|Any CPU
		{5920C082-D8E0-4876-97A3-57775A3F91A3}.Release|Any CPU.ActiveCfg = Release|Any CPU
		{5920C082-D8E0-4876-97A3-57775A3F91A3}.Release|Any CPU.Build.0 = Release|Any CPU
		{5BE45FEA-6BCF-46E7-8F06-82BF360FB186}.Debug|Any CPU.ActiveCfg = Debug|Any CPU
		{5BE45FEA-6BCF-46E7-8F06-82BF360FB186}.Debug|Any CPU.Build.0 = Debug|Any CPU
		{5BE45FEA-6BCF-46E7-8F06-82BF360FB186}.Release|Any CPU.ActiveCfg = Release|Any CPU
		{5BE45FEA-6BCF-46E7-8F06-82BF360FB186}.Release|Any CPU.Build.0 = Release|Any CPU
		{6D7E2651-8F06-40EB-BF13-869899A3842B}.Debug|Any CPU.ActiveCfg = Debug|Any CPU
		{6D7E2651-8F06-40EB-BF13-869899A3842B}.Debug|Any CPU.Build.0 = Debug|Any CPU
		{6D7E2651-8F06-40EB-BF13-869899A3842B}.Release|Any CPU.ActiveCfg = Release|Any CPU
		{6D7E2651-8F06-40EB-BF13-869899A3842B}.Release|Any CPU.Build.0 = Release|Any CPU
		{916B97A3-4161-4CB3-9BCB-0A262AA988FC}.Debug|Any CPU.ActiveCfg = Debug|Any CPU
		{916B97A3-4161-4CB3-9BCB-0A262AA988FC}.Debug|Any CPU.Build.0 = Debug|Any CPU
		{916B97A3-4161-4CB3-9BCB-0A262AA988FC}.Release|Any CPU.ActiveCfg = Release|Any CPU
		{916B97A3-4161-4CB3-9BCB-0A262AA988FC}.Release|Any CPU.Build.0 = Release|Any CPU
		{33558408-109A-4273-B743-93EBAB1683D1}.Debug|Any CPU.ActiveCfg = Debug|Any CPU
		{33558408-109A-4273-B743-93EBAB1683D1}.Debug|Any CPU.Build.0 = Debug|Any CPU
		{33558408-109A-4273-B743-93EBAB1683D1}.Release|Any CPU.ActiveCfg = Release|Any CPU
		{33558408-109A-4273-B743-93EBAB1683D1}.Release|Any CPU.Build.0 = Release|Any CPU
		{50D3DF6E-ECB5-40FE-A53D-6BBC7577A5FD}.Debug|Any CPU.ActiveCfg = Debug|Any CPU
		{50D3DF6E-ECB5-40FE-A53D-6BBC7577A5FD}.Debug|Any CPU.Build.0 = Debug|Any CPU
		{50D3DF6E-ECB5-40FE-A53D-6BBC7577A5FD}.Release|Any CPU.ActiveCfg = Release|Any CPU
		{50D3DF6E-ECB5-40FE-A53D-6BBC7577A5FD}.Release|Any CPU.Build.0 = Release|Any CPU
		{266F5E32-D9EA-45F6-9E44-CA59A36185BC}.Debug|Any CPU.ActiveCfg = Debug|Any CPU
		{266F5E32-D9EA-45F6-9E44-CA59A36185BC}.Debug|Any CPU.Build.0 = Debug|Any CPU
		{266F5E32-D9EA-45F6-9E44-CA59A36185BC}.Release|Any CPU.ActiveCfg = Release|Any CPU
		{266F5E32-D9EA-45F6-9E44-CA59A36185BC}.Release|Any CPU.Build.0 = Release|Any CPU
	EndGlobalSection
	GlobalSection(SolutionProperties) = preSolution
		HideSolutionNode = FALSE
	EndGlobalSection
	GlobalSection(NestedProjects) = preSolution
		{6D397068-3EA0-4D66-BEC9-8F8728454A76} = {031185BD-04DD-46D5-BAEA-5CB3A047FBD7}
		{5920C082-D8E0-4876-97A3-57775A3F91A3} = {031185BD-04DD-46D5-BAEA-5CB3A047FBD7}
		{5BE45FEA-6BCF-46E7-8F06-82BF360FB186} = {D2C090FA-A294-42C2-B69C-3E56CA0D443A}
		{6D7E2651-8F06-40EB-BF13-869899A3842B} = {D2C090FA-A294-42C2-B69C-3E56CA0D443A}
		{916B97A3-4161-4CB3-9BCB-0A262AA988FC} = {E83B0B54-8644-4001-992B-7DFC6D7E0822}
		{33558408-109A-4273-B743-93EBAB1683D1} = {D2C090FA-A294-42C2-B69C-3E56CA0D443A}
		{50D3DF6E-ECB5-40FE-A53D-6BBC7577A5FD} = {D2C090FA-A294-42C2-B69C-3E56CA0D443A}
		{266F5E32-D9EA-45F6-9E44-CA59A36185BC} = {D2C090FA-A294-42C2-B69C-3E56CA0D443A}
	EndGlobalSection
EndGlobal
